
Microsoft Visual Studio Solution File, Format Version 12.00
# Visual Studio Version 16
VisualStudioVersion = 16.0.28803.452
MinimumVisualStudioVersion = 10.0.40219.1
Project("{FAE04EC0-301F-11D3-BF4B-00C04F79EFBC}") = "X4Scripts", "X4Scripts.csproj", "{AEE008F4-4EBF-498F-B02A-32E6E7B36362}"
EndProject
Global
	GlobalSection(SolutionConfigurationPlatforms) = preSolution
		Debug|Any CPU = Debug|Any CPU
		Release|Any CPU = Release|Any CPU
	EndGlobalSection
	GlobalSection(ProjectConfigurationPlatforms) = postSolution
		{AEE008F4-4EBF-498F-B02A-32E6E7B36362}.Debug|Any CPU.ActiveCfg = Debug|Any CPU
		{AEE008F4-4EBF-498F-B02A-32E6E7B36362}.Debug|Any CPU.Build.0 = Debug|Any CPU
		{AEE008F4-4EBF-498F-B02A-32E6E7B36362}.Release|Any CPU.ActiveCfg = Release|Any CPU
		{AEE008F4-4EBF-498F-B02A-32E6E7B36362}.Release|Any CPU.Build.0 = Release|Any CPU
	EndGlobalSection
	GlobalSection(SolutionProperties) = preSolution
		HideSolutionNode = FALSE
	EndGlobalSection
	GlobalSection(ExtensibilityGlobals) = postSolution
		SolutionGuid = {CB051910-66AB-4A83-8884-F52056AF22B3}
	EndGlobalSection
EndGlobal
